
Microsoft Visual Studio Solution File, Format Version 12.00
# Visual Studio Version 16
VisualStudioVersion = 16.0.31729.503
MinimumVisualStudioVersion = 10.0.40219.1
Project("{FAE04EC0-301F-11D3-BF4B-00C04F79EFBC}") = "HarfNotu", "HarfNotu\HarfNotu.csproj", "{1BE800A7-8507-4FBD-9AEB-48FD6552CA33}"
EndProject
Global
	GlobalSection(SolutionConfigurationPlatforms) = preSolution
		Debug|Any CPU = Debug|Any CPU
		Release|Any CPU = Release|Any CPU
	EndGlobalSection
	GlobalSection(ProjectConfigurationPlatforms) = postSolution
		{1BE800A7-8507-4FBD-9AEB-48FD6552CA33}.Debug|Any CPU.ActiveCfg = Debug|Any CPU
		{1BE800A7-8507-4FBD-9AEB-48FD6552CA33}.Debug|Any CPU.Build.0 = Debug|Any CPU
		{1BE800A7-8507-4FBD-9AEB-48FD6552CA33}.Release|Any CPU.ActiveCfg = Release|Any CPU
		{1BE800A7-8507-4FBD-9AEB-48FD6552CA33}.Release|Any CPU.Build.0 = Release|Any CPU
	EndGlobalSection
	GlobalSection(SolutionProperties) = preSolution
		HideSolutionNode = FALSE
	EndGlobalSection
	GlobalSection(ExtensibilityGlobals) = postSolution
		SolutionGuid = {3CBFF8AE-7AEE-4C8A-816B-48C86BBA2216}
	EndGlobalSection
EndGlobal
